
Microsoft Visual Studio Solution File, Format Version 12.00
# Visual Studio Version 16
VisualStudioVersion = 16.0.32002.261
MinimumVisualStudioVersion = 10.0.40219.1
Project("{FAE04EC0-301F-11D3-BF4B-00C04F79EFBC}") = "OrderItemWebApi", "OrderItemWebApi\OrderItemWebApi.csproj", "{8475C0E0-BEC0-42AC-AB3C-AC2E467DA313}"
EndProject
Global
	GlobalSection(SolutionConfigurationPlatforms) = preSolution
		Debug|Any CPU = Debug|Any CPU
		Release|Any CPU = Release|Any CPU
	EndGlobalSection
	GlobalSection(ProjectConfigurationPlatforms) = postSolution
		{8475C0E0-BEC0-42AC-AB3C-AC2E467DA313}.Debug|Any CPU.ActiveCfg = Debug|Any CPU
		{8475C0E0-BEC0-42AC-AB3C-AC2E467DA313}.Debug|Any CPU.Build.0 = Debug|Any CPU
		{8475C0E0-BEC0-42AC-AB3C-AC2E467DA313}.Release|Any CPU.ActiveCfg = Release|Any CPU
		{8475C0E0-BEC0-42AC-AB3C-AC2E467DA313}.Release|Any CPU.Build.0 = Release|Any CPU
	EndGlobalSection
	GlobalSection(SolutionProperties) = preSolution
		HideSolutionNode = FALSE
	EndGlobalSection
	GlobalSection(ExtensibilityGlobals) = postSolution
		SolutionGuid = {2D6D76A2-B224-41B0-812E-1CB29251E703}
	EndGlobalSection
EndGlobal
